{
  "name": "@sulthonzh/jsonpatch",
  "version": "1.0.0",
  "lockfileVersion": 3,
  "requires": true,
  "packages": {
    "": {
      "name": "@sulthonzh/jsonpatch",
      "version": "1.0.0",
      "license": "MIT",
      "bin": {
        "jsonpatch": "cli.js"
      },
      "engines": {
        "node": ">=14"
      }
    }
  }
}
